// !$*UTF8*$!
{
	archiveVersion = 1;
	classes = {
	};
	objectVersion = 50;
	objects = {

/* Begin PBXBuildFile section */
		1DE45DAC2667CFE400A18C8E /* AppDelegate.swift in Sources */ = {isa = PBXBuildFile; fileRef = 1DE45DAB2667CFE400A18C8E /* AppDelegate.swift */; };
		1DE45DAE2667CFE400A18C8E /* SceneDelegate.swift in Sources */ = {isa = PBXBuildFile; fileRef = 1DE45DAD2667CFE400A18C8E /* SceneDelegate.swift */; };
		1DE45DB02667CFE400A18C8E /* calculateViewController.swift in Sources */ = {isa = PBXBuildFile; fileRef = 1DE45DAF2667CFE400A18C8E /* calculateViewController.swift */; };
		1DE45DB32667CFE400A18C8E /* Main.storyboard in Resources */ = {isa = PBXBuildFile; fileRef = 1DE45DB12667CFE400A18C8E /* Main.storyboard */; };
		1DE45DB52667CFE800A18C8E /* Assets.xcassets in Resources */ = {isa = PBXBuildFile; fileRef = 1DE45DB42667CFE800A18C8E /* Assets.xcassets */; };
		1DE45DB82667CFE800A18C8E /* LaunchScreen.storyboard in Resources */ = {isa = PBXBuildFile; fileRef = 1DE45DB62667CFE800A18C8E /* LaunchScreen.storyboard */; };
		1DE45DC126683ED200A18C8E /* rsualtViewController.swift in Sources */ = {isa = PBXBuildFile; fileRef = 1DE45DC026683ED100A18C8E /* rsualtViewController.swift */; };
		1DE45DC62669328A00A18C8E /* calcuaterbrain.swift in Sources */ = {isa = PBXBuildFile; fileRef = 1DE45DC52669328A00A18C8E /* calcuaterbrain.swift */; };
		1DE45DC9266937FD00A18C8E /* bmi.swift in Sources */ = {isa = PBXBuildFile; fileRef = 1DE45DC8266937FD00A18C8E /* bmi.swift */; };
		1DE45DD2266949A900A18C8E /* 325-3255096_body-fat-percentage-body-fat-percentage-clipart-removebg.png in Resources */ = {isa = PBXBuildFile; fileRef = 1DE45DD1266949A900A18C8E /* 325-3255096_body-fat-percentage-body-fat-percentage-clipart-removebg.png */; };
/* End PBXBuildFile section */

/* Begin PBXFileReference section */
		1DE45DA82667CFE400A18C8E /* BMI CALCULATER.app */ = {isa = PBXFileReference; explicitFileType = wrapper.application; includeInIndex = 0; path = "BMI CALCULATER.app"; sourceTree = BUILT_PRODUCTS_DIR; };
		1DE45DAB2667CFE400A18C8E /* AppDelegate.swift */ = {isa = PBXFileReference; lastKnownFileType = sourcecode.swift; path = AppDelegate.swift; sourceTree = "<group>"; };
		1DE45DAD2667CFE400A18C8E /* SceneDelegate.swift */ = {isa = PBXFileReference; lastKnownFileType = sourcecode.swift; path = SceneDelegate.swift; sourceTree = "<group>"; };
		1DE45DAF2667CFE400A18C8E /* calculateViewController.swift */ = {isa = PBXFileReference; lastKnownFileType = sourcecode.swift; path = calculateViewController.swift; sourceTree = "<group>"; };
		1DE45DB22667CFE400A18C8E /* Base */ = {isa = PBXFileReference; lastKnownFileType = file.storyboard; name = Base; path = Base.lproj/Main.storyboard; sourceTree = "<group>"; };
		1DE45DB42667CFE800A18C8E /* Assets.xcassets */ = {isa = PBXFileReference; lastKnownFileType = folder.assetcatalog; path = Assets.xcassets; sourceTree = "<group>"; };
		1DE45DB72667CFE800A18C8E /* Base */ = {isa = PBXFileReference; lastKnownFileType = file.storyboard; name = Base; path = Base.lproj/LaunchScreen.storyboard; sourceTree = "<group>"; };
		1DE45DB92667CFE800A18C8E /* Info.plist */ = {isa = PBXFileReference; lastKnownFileType = text.plist.xml; path = Info.plist; sourceTree = "<group>"; };
		1DE45DC026683ED100A18C8E /* rsualtViewController.swift */ = {isa = PBXFileReference; lastKnownFileType = sourcecode.swift; path = rsualtViewController.swift; sourceTree = "<group>"; };
		1DE45DC52669328A00A18C8E /* calcuaterbrain.swift */ = {isa = PBXFileReference; lastKnownFileType = sourcecode.swift; path = calcuaterbrain.swift; sourceTree = "<group>"; };
		1DE45DC8266937FD00A18C8E /* bmi.swift */ = {isa = PBXFileReference; lastKnownFileType = sourcecode.swift; path = bmi.swift; sourceTree = "<group>"; };
		1DE45DD1266949A900A18C8E /* 325-3255096_body-fat-percentage-body-fat-percentage-clipart-removebg.png */ = {isa = PBXFileReference; lastKnownFileType = image.png; path = "325-3255096_body-fat-percentage-body-fat-percentage-clipart-removebg.png"; sourceTree = "<group>"; };
/* End PBXFileReference section */

/* Begin PBXFrameworksBuildPhase section */
		1DE45DA52667CFE400A18C8E /* Frameworks */ = {
			isa = PBXFrameworksBuildPhase;
			buildActionMask = 2147483647;
			files = (
			);
			runOnlyForDeploymentPostprocessing = 0;
		};
/* End PBXFrameworksBuildPhase section */

/* Begin PBXGroup section */
		1DE45D9F2667CFE400A18C8E = {
			isa = PBXGroup;
			children = (
				1DE45DAA2667CFE400A18C8E /* BMI CALCULATER */,
				1DE45DA92667CFE400A18C8E /* Products */,
			);
			sourceTree = "<group>";
		};
		1DE45DA92667CFE400A18C8E /* Products */ = {
			isa = PBXGroup;
			children = (
				1DE45DA82667CFE400A18C8E /* BMI CALCULATER.app */,
			);
			name = Products;
			sourceTree = "<group>";
		};
		1DE45DAA2667CFE400A18C8E /* BMI CALCULATER */ = {
			isa = PBXGroup;
			children = (
				1DE45DAB2667CFE400A18C8E /* AppDelegate.swift */,
				1DE45DAD2667CFE400A18C8E /* SceneDelegate.swift */,
				1DE45DAF2667CFE400A18C8E /* calculateViewController.swift */,
				1DE45DC026683ED100A18C8E /* rsualtViewController.swift */,
				1DE45DC52669328A00A18C8E /* calcuaterbrain.swift */,
				1DE45DC8266937FD00A18C8E /* bmi.swift */,
				1DE45DB12667CFE400A18C8E /* Main.storyboard */,
				1DE45DB42667CFE800A18C8E /* Assets.xcassets */,
				1DE45DCD266946B600A18C8E /* New Group */,
				1DE45DB62667CFE800A18C8E /* LaunchScreen.storyboard */,
				1DE45DB92667CFE800A18C8E /* Info.plist */,
			);
			path = "BMI CALCULATER";
			sourceTree = "<group>";
		};
		1DE45DCD266946B600A18C8E /* New Group */ = {
			isa = PBXGroup;
			children = (
				1DE45DD1266949A900A18C8E /* 325-3255096_body-fat-percentage-body-fat-percentage-clipart-removebg.png */,
			);
			path = "New Group";
			sourceTree = "<group>";
		};
/* End PBXGroup section */

/* Begin PBXNativeTarget section */
		1DE45DA72667CFE400A18C8E /* BMI CALCULATER */ = {
			isa = PBXNativeTarget;
			buildConfigurationList = 1DE45DBC2667CFE800A18C8E /* Build configuration list for PBXNativeTarget "BMI CALCULATER" */;
			buildPhases = (
				1DE45DA42667CFE400A18C8E /* Sources */,
				1DE45DA52667CFE400A18C8E /* Frameworks */,
				1DE45DA62667CFE400A18C8E /* Resources */,
			);
			buildRules = (
			);
			dependencies = (
			);
			name = "BMI CALCULATER";
			productName = "BMI CALCULATER";
			productReference = 1DE45DA82667CFE400A18C8E /* BMI CALCULATER.app */;
			productType = "com.apple.product-type.application";
		};
/* End PBXNativeTarget section */

/* Begin PBXProject section */
		1DE45DA02667CFE400A18C8E /* Project object */ = {
			isa = PBXProject;
			attributes = {
				LastSwiftUpdateCheck = 1240;
				LastUpgradeCheck = 1240;
				TargetAttributes = {
					1DE45DA72667CFE400A18C8E = {
						CreatedOnToolsVersion = 12.4;
					};
				};
			};
			buildConfigurationList = 1DE45DA32667CFE400A18C8E /* Build configuration list for PBXProject "BMI CALCULATER" */;
			compatibilityVersion = "Xcode 9.3";
			developmentRegion = en;
			hasScannedForEncodings = 0;
			knownRegions = (
				en,
				Base,
			);
			mainGroup = 1DE45D9F2667CFE400A18C8E;
			productRefGroup = 1DE45DA92667CFE400A18C8E /* Products */;
			projectDirPath = "";
			projectRoot = "";
			targets = (
				1DE45DA72667CFE400A18C8E /* BMI CALCULATER */,
			);
		};
/* End PBXProject section */

/* Begin PBXResourcesBuildPhase section */
		1DE45DA62667CFE400A18C8E /* Resources */ = {
			isa = PBXResourcesBuildPhase;
			buildActionMask = 2147483647;
			files = (
				1DE45DB82667CFE800A18C8E /* LaunchScreen.storyboard in Resources */,
				1DE45DB52667CFE800A18C8E /* Assets.xcassets in Resources */,
				1DE45DB32667CFE400A18C8E /* Main.storyboard in Resources */,
				1DE45DD2266949A900A18C8E /* 325-3255096_body-fat-percentage-body-fat-percentage-clipart-removebg.png in Resources */,
			);
			runOnlyForDeploymentPostprocessing = 0;
		};
/* End PBXResourcesBuildPhase section */

/* Begin PBXSourcesBuildPhase section */
		1DE45DA42667CFE400A18C8E /* Sources */ = {
			isa = PBXSourcesBuildPhase;
			buildActionMask = 2147483647;
			files = (
				1DE45DC126683ED200A18C8E /* rsualtViewController.swift in Sources */,
				1DE45DC62669328A00A18C8E /* calcuaterbrain.swift in Sources */,
				1DE45DC9266937FD00A18C8E /* bmi.swift in Sources */,
				1DE45DB02667CFE400A18C8E /* calculateViewController.swift in Sources */,
				1DE45DAC2667CFE400A18C8E /* AppDelegate.swift in Sources */,
				1DE45DAE2667CFE400A18C8E /* SceneDelegate.swift in Sources */,
			);
			runOnlyForDeploymentPostprocessing = 0;
		};
/* End PBXSourcesBuildPhase section */

/* Begin PBXVariantGroup section */
		1DE45DB12667CFE400A18C8E /* Main.storyboard */ = {
			isa = PBXVariantGroup;
			children = (
				1DE45DB22667CFE400A18C8E /* Base */,
			);
			name = Main.storyboard;
			sourceTree = "<group>";
		};
		1DE45DB62667CFE800A18C8E /* LaunchScreen.storyboard */ = {
			isa = PBXVariantGroup;
			children = (
				1DE45DB72667CFE800A18C8E /* Base */,
			);
			name = LaunchScreen.storyboard;
			sourceTree = "<group>";
		};
/* End PBXVariantGroup section */

/* Begin XCBuildConfiguration section */
		1DE45DBA2667CFE800A18C8E /* Debug */ = {
			isa = XCBuildConfiguration;
			buildSettings = {
				ALWAYS_SEARCH_USER_PATHS = NO;
				CLANG_ANALYZER_NONNULL = YES;
				CLANG_ANALYZER_NUMBER_OBJECT_CONVERSION = YES_AGGRESSIVE;
				CLANG_CXX_LANGUAGE_STANDARD = "gnu++14";
				CLANG_CXX_LIBRARY = "libc++";
				CLANG_ENABLE_MODULES = YES;
				CLANG_ENABLE_OBJC_ARC = YES;
				CLANG_ENABLE_OBJC_WEAK = YES;
				CLANG_WARN_BLOCK_CAPTURE_AUTORELEASING = YES;
				CLANG_WARN_BOOL_CONVERSION = YES;
				CLANG_WARN_COMMA = YES;
				CLANG_WARN_CONSTANT_CONVERSION = YES;
				CLANG_WARN_DEPRECATED_OBJC_IMPLEMENTATIONS = YES;
				CLANG_WARN_DIRECT_OBJC_ISA_USAGE = YES_ERROR;
				CLANG_WARN_DOCUMENTATION_COMMENTS = YES;
				CLANG_WARN_EMPTY_BODY = YES;
				CLANG_WARN_ENUM_CONVERSION = YES;
				CLANG_WARN_INFINITE_RECURSION = YES;
				CLANG_WARN_INT_CONVERSION = YES;
				CLANG_WARN_NON_LITERAL_NULL_CONVERSION = YES;
				CLANG_WARN_OBJC_IMPLICIT_RETAIN_SELF = YES;
				CLANG_WARN_OBJC_LITERAL_CONVERSION = YES;
				CLANG_WARN_OBJC_ROOT_CLASS = YES_ERROR;
				CLANG_WARN_QUOTED_INCLUDE_IN_FRAMEWORK_HEADER = YES;
				CLANG_WARN_RANGE_LOOP_ANALYSIS = YES;
				CLANG_WARN_STRICT_PROTOTYPES = YES;
				CLANG_WARN_SUSPICIOUS_MOVE = YES;
				CLANG_WARN_UNGUARDED_AVAILABILITY = YES_AGGRESSIVE;
				CLANG_WARN_UNREACHABLE_CODE = YES;
				CLANG_WARN__DUPLICATE_METHOD_MATCH = YES;
				COPY_PHASE_STRIP = NO;
				DEBUG_INFORMATION_FORMAT = dwarf;
				ENABLE_STRICT_OBJC_MSGSEND = YES;
				ENABLE_TESTABILITY = YES;
				GCC_C_LANGUAGE_STANDARD = gnu11;
				GCC_DYNAMIC_NO_PIC = NO;
				GCC_NO_COMMON_BLOCKS = YES;
				GCC_OPTIMIZATION_LEVEL = 0;
				GCC_PREPROCESSOR_DEFINITIONS = (
					"DEBUG=1",
					"$(inherited)",
				);
				GCC_WARN_64_TO_32_BIT_CONVERSION = YES;
				GCC_WARN_ABOUT_RETURN_TYPE = YES_ERROR;
				GCC_WARN_UNDECLARED_SELECTOR = YES;
				GCC_WARN_UNINITIALIZED_AUTOS = YES_AGGRESSIVE;
				GCC_WARN_UNUSED_FUNCTION = YES;
				GCC_WARN_UNUSED_VARIABLE = YES;
				IPHONEOS_DEPLOYMENT_TARGET = 13.0;
				MTL_ENABLE_DEBUG_INFO = INCLUDE_SOURCE;
				MTL_FAST_MATH = YES;
				ONLY_ACTIVE_ARCH = YES;
				SDKROOT = iphoneos;
				SWIFT_ACTIVE_COMPILATION_CONDITIONS = DEBUG;
				SWIFT_OPTIMIZATION_LEVEL = "-Onone";
			};
			name = Debug;
		};
		1DE45DBB2667CFE800A18C8E /* Release */ = {
			isa = XCBuildConfiguration;
			buildSettings = {
				ALWAYS_SEARCH_USER_PATHS = NO;
				CLANG_ANALYZER_NONNULL = YES;
				CLANG_ANALYZER_NUMBER_OBJECT_CONVERSION = YES_AGGRESSIVE;
				CLANG_CXX_LANGUAGE_STANDARD = "gnu++14";
				CLANG_CXX_LIBRARY = "libc++";
				CLANG_ENABLE_MODULES = YES;
				CLANG_ENABLE_OBJC_ARC = YES;
				CLANG_ENABLE_OBJC_WEAK = YES;
				CLANG_WARN_BLOCK_CAPTURE_AUTORELEASING = YES;
				CLANG_WARN_BOOL_CONVERSION = YES;
				CLANG_WARN_COMMA = YES;
				CLANG_WARN_CONSTANT_CONVERSION = YES;
				CLANG_WARN_DEPRECATED_OBJC_IMPLEMENTATIONS = YES;
				CLANG_WARN_DIRECT_OBJC_ISA_USAGE = YES_ERROR;
				CLANG_WARN_DOCUMENTATION_COMMENTS = YES;
				CLANG_WARN_EMPTY_BODY = YES;
				CLANG_WARN_ENUM_CONVERSION = YES;
				CLANG_WARN_INFINITE_RECURSION = YES;
				CLANG_WARN_INT_CONVERSION = YES;
				CLANG_WARN_NON_LITERAL_NULL_CONVERSION = YES;
				CLANG_WARN_OBJC_IMPLICIT_RETAIN_SELF = YES;
				CLANG_WARN_OBJC_LITERAL_CONVERSION = YES;
				CLANG_WARN_OBJC_ROOT_CLASS = YES_ERROR;
				CLANG_WARN_QUOTED_INCLUDE_IN_FRAMEWORK_HEADER = YES;
				CLANG_WARN_RANGE_LOOP_ANALYSIS = YES;
				CLANG_WARN_STRICT_PROTOTYPES = YES;
				CLANG_WARN_SUSPICIOUS_MOVE = YES;
				CLANG_WARN_UNGUARDED_AVAILABILITY = YES_AGGRESSIVE;
				CLANG_WARN_UNREACHABLE_CODE = YES;
				CLANG_WARN__DUPLICATE_METHOD_MATCH = YES;
				COPY_PHASE_STRIP = NO;
				DEBUG_INFORMATION_FORMAT = "dwarf-with-dsym";
				ENABLE_NS_ASSERTIONS = NO;
				ENABLE_STRICT_OBJC_MSGSEND = YES;
				GCC_C_LANGUAGE_STANDARD = gnu11;
				GCC_NO_COMMON_BLOCKS = YES;
				GCC_WARN_64_TO_32_BIT_CONVERSION = YES;
				GCC_WARN_ABOUT_RETURN_TYPE = YES_ERROR;
				GCC_WARN_UNDECLARED_SELECTOR = YES;
				GCC_WARN_UNINITIALIZED_AUTOS = YES_AGGRESSIVE;
				GCC_WARN_UNUSED_FUNCTION = YES;
				GCC_WARN_UNUSED_VARIABLE = YES;
				IPHONEOS_DEPLOYMENT_TARGET = 13.0;
				MTL_ENABLE_DEBUG_INFO = NO;
				MTL_FAST_MATH = YES;
				SDKROOT = iphoneos;
				SWIFT_COMPILATION_MODE = wholemodule;
				SWIFT_OPTIMIZATION_LEVEL = "-O";
				VALIDATE_PRODUCT = YES;
			};
			name = Release;
		};
		1DE45DBD2667CFE800A18C8E /* Debug */ = {
			isa = XCBuildConfiguration;
			buildSettings = {
				ASSETCATALOG_COMPILER_APPICON_NAME = AppIcon;
				ASSETCATALOG_COMPILER_GLOBAL_ACCENT_COLOR_NAME = AccentColor;
				CODE_SIGN_STYLE = Automatic;
				DEVELOPMENT_TEAM = Q6WB27VYN2;
				INFOPLIST_FILE = "BMI CALCULATER/Info.plist";
				LD_RUNPATH_SEARCH_PATHS = (
					"$(inherited)",
					"@executable_path/Frameworks",
				);
				PRODUCT_BUNDLE_IDENTIFIER = "com.ahmed-alsebaei.BMI-CALCULATER";
				PRODUCT_NAME = "$(TARGET_NAME)";
				SWIFT_VERSION = 5.0;
				TARGETED_DEVICE_FAMILY = "1,2";
			};
			name = Debug;
		};
		1DE45DBE2667CFE800A18C8E /* Release */ = {
			isa = XCBuildConfiguration;
			buildSettings = {
				ASSETCATALOG_COMPILER_APPICON_NAME = AppIcon;
				ASSETCATALOG_COMPILER_GLOBAL_ACCENT_COLOR_NAME = AccentColor;
				CODE_SIGN_STYLE = Automatic;
				DEVELOPMENT_TEAM = Q6WB27VYN2;
				INFOPLIST_FILE = "BMI CALCULATER/Info.plist";
				LD_RUNPATH_SEARCH_PATHS = (
					"$(inherited)",
					"@executable_path/Frameworks",
				);
				PRODUCT_BUNDLE_IDENTIFIER = "com.ahmed-alsebaei.BMI-CALCULATER";
				PRODUCT_NAME = "$(TARGET_NAME)";
				SWIFT_VERSION = 5.0;
				TARGETED_DEVICE_FAMILY = "1,2";
			};
			name = Release;
		};
/* End XCBuildConfiguration section */

/* Begin XCConfigurationList section */
		1DE45DA32667CFE400A18C8E /* Build configuration list for PBXProject "BMI CALCULATER" */ = {
			isa = XCConfigurationList;
			buildConfigurations = (
				1DE45DBA2667CFE800A18C8E /* Debug */,
				1DE45DBB2667CFE800A18C8E /* Release */,
			);
			defaultConfigurationIsVisible = 0;
			defaultConfigurationName = Release;
		};
		1DE45DBC2667CFE800A18C8E /* Build configuration list for PBXNativeTarget "BMI CALCULATER" */ = {
			isa = XCConfigurationList;
			buildConfigurations = (
				1DE45DBD2667CFE800A18C8E /* Debug */,
				1DE45DBE2667CFE800A18C8E /* Release */,
			);
			defaultConfigurationIsVisible = 0;
			defaultConfigurationName = Release;
		};
/* End XCConfigurationList section */
	};
	rootObject = 1DE45DA02667CFE400A18C8E /* Project object */;
}
